
Microsoft Visual Studio Solution File, Format Version 12.00
# Visual Studio Version 17
VisualStudioVersion = 17.9.34728.123
MinimumVisualStudioVersion = 10.0.40219.1
Project("{FAE04EC0-301F-11D3-BF4B-00C04F79EFBC}") = "Task4", "Task4\Task4.csproj", "{F98323EC-3F90-4D2F-AF50-F4B4E1609DB5}"
EndProject
Global
	GlobalSection(SolutionConfigurationPlatforms) = preSolution
		Debug|Any CPU = Debug|Any CPU
		Release|Any CPU = Release|Any CPU
	EndGlobalSection
	GlobalSection(ProjectConfigurationPlatforms) = postSolution
		{F98323EC-3F90-4D2F-AF50-F4B4E1609DB5}.Debug|Any CPU.ActiveCfg = Debug|Any CPU
		{F98323EC-3F90-4D2F-AF50-F4B4E1609DB5}.Debug|Any CPU.Build.0 = Debug|Any CPU
		{F98323EC-3F90-4D2F-AF50-F4B4E1609DB5}.Release|Any CPU.ActiveCfg = Release|Any CPU
		{F98323EC-3F90-4D2F-AF50-F4B4E1609DB5}.Release|Any CPU.Build.0 = Release|Any CPU
	EndGlobalSection
	GlobalSection(SolutionProperties) = preSolution
		HideSolutionNode = FALSE
	EndGlobalSection
	GlobalSection(ExtensibilityGlobals) = postSolution
		SolutionGuid = {E0D24B19-BA3B-4798-8F6C-8F6D177618BA}
	EndGlobalSection
EndGlobal
